// !$*UTF8*$!
{
	archiveVersion = 1;
	classes = {
	};
	objectVersion = 46;
	objects = {

/* Begin PBXGroup section */
		E3EA3C7E1D18757A00A3E19A = {
			isa = PBXGroup;
			children = (
			);
			sourceTree = "<group>";
		};
/* End PBXGroup section */

/* Begin PBXProject section */
		E3EA3C7F1D18757A00A3E19A /* Project object */ = {
			isa = PBXProject;
			attributes = {
				LastUpgradeCheck = 0800;
			};
			buildConfigurationList = E3EA3C821D18757A00A3E19A /* Build configuration list for PBXProject "ejercicio1" */;
			compatibilityVersion = "Xcode 3.2";
			developmentRegion = English;
			hasScannedForEncodings = 0;
			knownRegions = (
				en,
			);
			mainGroup = E3EA3C7E1D18757A00A3E19A;
			projectDirPath = "";
			projectRoot = "";
			targets = (
			);
		};
/* End PBXProject section */

/* Begin XCBuildConfiguration section */
		E3EA3C831D18757A00A3E19A /* Debug */ = {
			isa = XCBuildConfiguration;
			buildSettings = {
			};
			name = Debug;
		};
		E3EA3C841D18757A00A3E19A /* Release */ = {
			isa = XCBuildConfiguration;
			buildSettings = {
			};
			name = Release;
		};
/* End XCBuildConfiguration section */

/* Begin XCConfigurationList section */
		E3EA3C821D18757A00A3E19A /* Build configuration list for PBXProject "ejercicio1" */ = {
			isa = XCConfigurationList;
			buildConfigurations = (
				E3EA3C831D18757A00A3E19A /* Debug */,
				E3EA3C841D18757A00A3E19A /* Release */,
			);
			defaultConfigurationIsVisible = 0;
			defaultConfigurationName = Release;
		};
/* End XCConfigurationList section */
	};
	rootObject = E3EA3C7F1D18757A00A3E19A /* Project object */;
}
